<?xml version="1.0" encoding="utf-8"?>
<Project ToolsVersion="4.0" xmlns="http://schemas.microsoft.com/developer/msbuild/2003">
  <ItemGroup>
    <Filter Include="Math">
      <UniqueIdentifier>{1db1437a-09f0-4610-ae1f-30fce67722fc}</UniqueIdentifier>
    </Filter>
    <Filter Include="Serialization">
      <UniqueIdentifier>{956e0811-8a24-400e-b6c7-2ff8a8acbc73}</UniqueIdentifier>
    </Filter>
  </ItemGroup>
  <ItemGroup>
    <ClCompile Include="Tests\Math\QuaternionTests.cpp">
      <Filter>Math</Filter>
    </ClCompile>
    <ClCompile Include="Tests\Math\Vector3Tests.cpp">
      <Filter>Math</Filter>
    </ClCompile>
    <ClCompile Include="Tests\Math\Point3Tests.cpp">
      <Filter>Math</Filter>
    </ClCompile>
    <ClCompile Include="Tests\Math\Vector2Tests.cpp">
      <Filter>Math</Filter>
    </ClCompile>
    <ClCompile Include="Tests\Math\Point2Tests.cpp">
      <Filter>Math</Filter>
    </ClCompile>
    <ClCompile Include="Tests\Math\Vector4Tests.cpp">
      <Filter>Math</Filter>
    </ClCompile>
    <ClCompile Include="Tests\Math\ColorTests.cpp">
      <Filter>Math</Filter>
    </ClCompile>
    <ClCompile Include="Tests\Math\Matrix4x4Tests.cpp">
      <Filter>Math</Filter>
    </ClCompile>
    <ClCompile Include="Tests\Math\RectTests.cpp">
      <Filter>Math</Filter>
    </ClCompile>
    <ClCompile Include="Tests\Serialization\BitReaderTests.cpp">
      <Filter>Serialization</Filter>
    </ClCompile>
    <ClCompile Include="Tests\Serialization\BitWriterTests.cpp">
      <Filter>Serialization</Filter>
    </ClCompile>
  </ItemGroup>
</Project>