<?xml version="1.0" encoding="utf-8"?>
<Project ToolsVersion="4.0" xmlns="http://schemas.microsoft.com/developer/msbuild/2003">
  <ItemGroup>
    <Filter Include="Math">
      <UniqueIdentifier>{86fcb781-8cb0-4a73-9817-6cf4c488e4cc}</UniqueIdentifier>
    </Filter>
    <Filter Include="Vendor">
      <UniqueIdentifier>{8cee84c6-1406-4be7-9129-a8172016fb0b}</UniqueIdentifier>
    </Filter>
    <Filter Include="Vendor\imgui">
      <UniqueIdentifier>{d1aebb69-15b3-4ab3-9601-daecc36a4358}</UniqueIdentifier>
    </Filter>
    <Filter Include="Vendor\gl3w">
      <UniqueIdentifier>{fa0d5371-fe36-48fa-8f5c-fcc04632c92c}</UniqueIdentifier>
    </Filter>
    <Filter Include="Importers">
      <UniqueIdentifier>{0420b16a-050e-4c54-845e-a4914f11bd8a}</UniqueIdentifier>
    </Filter>
    <Filter Include="Renderer">
      <UniqueIdentifier>{8e8d6dc4-1da7-40c5-826b-49601ffb9fbc}</UniqueIdentifier>
    </Filter>
    <Filter Include="Utils">
      <UniqueIdentifier>{cb3e0d0d-72df-422f-8106-3c5a1dc2eef1}</UniqueIdentifier>
    </Filter>
    <Filter Include="Editor">
      <UniqueIdentifier>{6bb1e262-52e0-4678-b0b5-502977dc3cca}</UniqueIdentifier>
    </Filter>
  </ItemGroup>
  <ItemGroup>
    <ClInclude Include="Source\Math\Matrix4x4.h">
      <Filter>Math</Filter>
    </ClInclude>
    <ClInclude Include="Source\Math\Point2.h">
      <Filter>Math</Filter>
    </ClInclude>
    <ClInclude Include="Source\Math\Point3.h">
      <Filter>Math</Filter>
    </ClInclude>
    <ClInclude Include="Source\Math\Quaternion.h">
      <Filter>Math</Filter>
    </ClInclude>
    <ClInclude Include="Source\Math\Vector2.h">
      <Filter>Math</Filter>
    </ClInclude>
    <ClInclude Include="Source\Math\Vector3.h">
      <Filter>Math</Filter>
    </ClInclude>
    <ClInclude Include="Source\Math\Vector4.h">
      <Filter>Math</Filter>
    </ClInclude>
    <ClInclude Include="Source\Math\Color.h">
      <Filter>Math</Filter>
    </ClInclude>
    <ClInclude Include="Vendor\imgui\imconfig.h">
      <Filter>Vendor\imgui</Filter>
    </ClInclude>
    <ClInclude Include="Vendor\imgui\imgui.h">
      <Filter>Vendor\imgui</Filter>
    </ClInclude>
    <ClInclude Include="Vendor\imgui\imgui_internal.h">
      <Filter>Vendor\imgui</Filter>
    </ClInclude>
    <ClInclude Include="Vendor\imgui\stb_rect_pack.h">
      <Filter>Vendor\imgui</Filter>
    </ClInclude>
    <ClInclude Include="Vendor\imgui\stb_textedit.h">
      <Filter>Vendor\imgui</Filter>
    </ClInclude>
    <ClInclude Include="Vendor\imgui\stb_truetype.h">
      <Filter>Vendor\imgui</Filter>
    </ClInclude>
    <ClInclude Include="Vendor\imgui\examples\opengl3_example\imgui_impl_glfw_gl3.h">
      <Filter>Vendor\imgui</Filter>
    </ClInclude>
    <ClInclude Include="Source\ResourceManager.h" />
    <ClInclude Include="Source\Importers\TextureImporter.h">
      <Filter>Importers</Filter>
    </ClInclude>
    <ClInclude Include="Source\Renderer\Texture.h">
      <Filter>Renderer</Filter>
    </ClInclude>
    <ClInclude Include="Source\Renderer\Mesh.h">
      <Filter>Renderer</Filter>
    </ClInclude>
    <ClInclude Include="Source\Importers\MeshImporter.h">
      <Filter>Importers</Filter>
    </ClInclude>
    <ClInclude Include="Source\InputManager.h" />
    <ClInclude Include="Source\Utils\BitWriter.h">
      <Filter>Utils</Filter>
    </ClInclude>
    <ClInclude Include="Source\Utils\BitReader.h">
      <Filter>Utils</Filter>
    </ClInclude>
    <ClInclude Include="Source\Utils\Clock.h">
      <Filter>Utils</Filter>
    </ClInclude>
    <ClInclude Include="Source\Application.h" />
    <ClInclude Include="Source\Editor\EditorMainWindow.h">
      <Filter>Editor</Filter>
    </ClInclude>
    <ClInclude Include="Source\Editor\EditorPanel.h">
      <Filter>Editor</Filter>
    </ClInclude>
    <ClInclude Include="Source\Math\Rect.h">
      <Filter>Math</Filter>
    </ClInclude>
    <ClInclude Include="Source\Editor\GamePanel.h">
      <Filter>Editor</Filter>
    </ClInclude>
    <ClInclude Include="Source\Editor\OutputPanel.h">
      <Filter>Editor</Filter>
    </ClInclude>
    <ClInclude Include="Source\Editor\DebugPanel.h">
      <Filter>Editor</Filter>
    </ClInclude>
    <ClInclude Include="Source\Editor\ScenePanel.h">
      <Filter>Editor</Filter>
    </ClInclude>
    <ClInclude Include="Source\Editor\ResourcesPanel.h">
      <Filter>Editor</Filter>
    </ClInclude>
    <ClInclude Include="Source\Editor\PropertiesPanel.h">
      <Filter>Editor</Filter>
    </ClInclude>
    <ClInclude Include="Source\EditorManager.h" />
    <ClInclude Include="Source\Renderer\Framebuffer.h">
      <Filter>Renderer</Filter>
    </ClInclude>
    <ClInclude Include="Source\Renderer\Renderer.h">
      <Filter>Renderer</Filter>
    </ClInclude>
    <ClInclude Include="Source\RenderManager.h" />
    <ClInclude Include="Source\Renderer\UniformBuffer.h">
      <Filter>Renderer</Filter>
    </ClInclude>
    <ClInclude Include="Source\Renderer\Camera.h">
      <Filter>Renderer</Filter>
    </ClInclude>
  </ItemGroup>
  <ItemGroup>
    <ClCompile Include="Source\Math\Point2.cpp">
      <Filter>Math</Filter>
    </ClCompile>
    <ClCompile Include="Source\Math\Point3.cpp">
      <Filter>Math</Filter>
    </ClCompile>
    <ClCompile Include="Source\Math\Quaternion.cpp">
      <Filter>Math</Filter>
    </ClCompile>
    <ClCompile Include="Source\Math\Vector2.cpp">
      <Filter>Math</Filter>
    </ClCompile>
    <ClCompile Include="Source\Math\Vector3.cpp">
      <Filter>Math</Filter>
    </ClCompile>
    <ClCompile Include="Source\Math\Vector4.cpp">
      <Filter>Math</Filter>
    </ClCompile>
    <ClCompile Include="Source\Math\Color.cpp">
      <Filter>Math</Filter>
    </ClCompile>
    <ClCompile Include="Source\Math\Matrix4x4.cpp">
      <Filter>Math</Filter>
    </ClCompile>
    <ClCompile Include="Vendor\imgui\imgui.cpp">
      <Filter>Vendor\imgui</Filter>
    </ClCompile>
    <ClCompile Include="Vendor\imgui\imgui_draw.cpp">
      <Filter>Vendor\imgui</Filter>
    </ClCompile>
    <ClCompile Include="Vendor\imgui\examples\opengl3_example\imgui_impl_glfw_gl3.cpp">
      <Filter>Vendor\imgui</Filter>
    </ClCompile>
    <ClCompile Include="Vendor\imgui\imgui_demo.cpp">
      <Filter>Vendor\imgui</Filter>
    </ClCompile>
    <ClCompile Include="Source\Importers\TextureImporter.cpp">
      <Filter>Importers</Filter>
    </ClCompile>
    <ClCompile Include="Source\Renderer\Texture.cpp">
      <Filter>Renderer</Filter>
    </ClCompile>
    <ClCompile Include="Source\Renderer\Mesh.cpp">
      <Filter>Renderer</Filter>
    </ClCompile>
    <ClCompile Include="Source\Importers\MeshImporter.cpp">
      <Filter>Importers</Filter>
    </ClCompile>
    <ClCompile Include="Source\ResourceManager.cpp" />
    <ClCompile Include="Source\InputManager.cpp" />
    <ClCompile Include="Source\Utils\BitWriter.cpp">
      <Filter>Utils</Filter>
    </ClCompile>
    <ClCompile Include="Source\Utils\BitReader.cpp">
      <Filter>Utils</Filter>
    </ClCompile>
    <ClCompile Include="Source\Utils\Clock.cpp">
      <Filter>Utils</Filter>
    </ClCompile>
    <ClCompile Include="Source\Application.cpp" />
    <ClCompile Include="Source\Editor\EditorPanel.cpp">
      <Filter>Editor</Filter>
    </ClCompile>
    <ClCompile Include="Source\Editor\EditorMainWindow.cpp">
      <Filter>Editor</Filter>
    </ClCompile>
    <ClCompile Include="Source\Math\Rect.cpp">
      <Filter>Math</Filter>
    </ClCompile>
    <ClCompile Include="Source\Editor\PropertiesPanel.cpp">
      <Filter>Editor</Filter>
    </ClCompile>
    <ClCompile Include="Source\Editor\GamePanel.cpp">
      <Filter>Editor</Filter>
    </ClCompile>
    <ClCompile Include="Source\Editor\OutputPanel.cpp">
      <Filter>Editor</Filter>
    </ClCompile>
    <ClCompile Include="Source\Editor\ResourcesPanel.cpp">
      <Filter>Editor</Filter>
    </ClCompile>
    <ClCompile Include="Source\Editor\ScenePanel.cpp">
      <Filter>Editor</Filter>
    </ClCompile>
    <ClCompile Include="Source\Editor\DebugPanel.cpp">
      <Filter>Editor</Filter>
    </ClCompile>
    <ClCompile Include="Source\EditorManager.cpp" />
    <ClCompile Include="Vendor\gl3w\gl3w.c">
      <Filter>Vendor\gl3w</Filter>
    </ClCompile>
    <ClCompile Include="Source\Renderer\Framebuffer.cpp">
      <Filter>Renderer</Filter>
    </ClCompile>
    <ClCompile Include="Source\Renderer\Renderer.cpp">
      <Filter>Renderer</Filter>
    </ClCompile>
    <ClCompile Include="Source\RenderManager.cpp" />
    <ClCompile Include="Source\Renderer\Camera.cpp">
      <Filter>Renderer</Filter>
    </ClCompile>
  </ItemGroup>
</Project>