<?xml version="1.0" encoding="utf-8"?>
<Project ToolsVersion="4.0" xmlns="http://schemas.microsoft.com/developer/msbuild/2003">
  <ItemGroup>
    <Filter Include="Math">
      <UniqueIdentifier>{86fcb781-8cb0-4a73-9817-6cf4c488e4cc}</UniqueIdentifier>
    </Filter>
    <Filter Include="Importers">
      <UniqueIdentifier>{0420b16a-050e-4c54-845e-a4914f11bd8a}</UniqueIdentifier>
    </Filter>
    <Filter Include="Renderer">
      <UniqueIdentifier>{8e8d6dc4-1da7-40c5-826b-49601ffb9fbc}</UniqueIdentifier>
    </Filter>
    <Filter Include="Utils">
      <UniqueIdentifier>{cb3e0d0d-72df-422f-8106-3c5a1dc2eef1}</UniqueIdentifier>
    </Filter>
    <Filter Include="Editor">
      <UniqueIdentifier>{6bb1e262-52e0-4678-b0b5-502977dc3cca}</UniqueIdentifier>
    </Filter>
    <Filter Include="Scene">
      <UniqueIdentifier>{f27819fb-5fdf-4945-a12b-5fbc0c1f1b7d}</UniqueIdentifier>
    </Filter>
    <Filter Include="Shaders">
      <UniqueIdentifier>{5311c9d6-26a7-494c-8dd7-94cadc4f110a}</UniqueIdentifier>
    </Filter>
    <Filter Include="Shaders\Includes">
      <UniqueIdentifier>{4fda8847-5bfd-4238-8df2-b78ca48621ad}</UniqueIdentifier>
    </Filter>
    <Filter Include="Shaders\Sky">
      <UniqueIdentifier>{c5272b5c-8aac-403d-98d9-28ad46b9ed1a}</UniqueIdentifier>
    </Filter>
    <Filter Include="Serialization">
      <UniqueIdentifier>{b18a182e-0f5d-4fe0-b4e8-5f9f260f20dd}</UniqueIdentifier>
    </Filter>
  </ItemGroup>
  <ItemGroup>
    <ClInclude Include="Source\Math\Matrix4x4.h">
      <Filter>Math</Filter>
    </ClInclude>
    <ClInclude Include="Source\Math\Point2.h">
      <Filter>Math</Filter>
    </ClInclude>
    <ClInclude Include="Source\Math\Point3.h">
      <Filter>Math</Filter>
    </ClInclude>
    <ClInclude Include="Source\Math\Quaternion.h">
      <Filter>Math</Filter>
    </ClInclude>
    <ClInclude Include="Source\Math\Vector2.h">
      <Filter>Math</Filter>
    </ClInclude>
    <ClInclude Include="Source\Math\Vector3.h">
      <Filter>Math</Filter>
    </ClInclude>
    <ClInclude Include="Source\Math\Vector4.h">
      <Filter>Math</Filter>
    </ClInclude>
    <ClInclude Include="Source\Math\Color.h">
      <Filter>Math</Filter>
    </ClInclude>
    <ClInclude Include="Source\ResourceManager.h" />
    <ClInclude Include="Source\Importers\TextureImporter.h">
      <Filter>Importers</Filter>
    </ClInclude>
    <ClInclude Include="Source\Renderer\Texture.h">
      <Filter>Renderer</Filter>
    </ClInclude>
    <ClInclude Include="Source\Renderer\Mesh.h">
      <Filter>Renderer</Filter>
    </ClInclude>
    <ClInclude Include="Source\Importers\MeshImporter.h">
      <Filter>Importers</Filter>
    </ClInclude>
    <ClInclude Include="Source\InputManager.h" />
    <ClInclude Include="Source\Utils\Clock.h">
      <Filter>Utils</Filter>
    </ClInclude>
    <ClInclude Include="Source\Application.h" />
    <ClInclude Include="Source\Editor\EditorPanel.h">
      <Filter>Editor</Filter>
    </ClInclude>
    <ClInclude Include="Source\Math\Rect.h">
      <Filter>Math</Filter>
    </ClInclude>
    <ClInclude Include="Source\Editor\GamePanel.h">
      <Filter>Editor</Filter>
    </ClInclude>
    <ClInclude Include="Source\Editor\OutputPanel.h">
      <Filter>Editor</Filter>
    </ClInclude>
    <ClInclude Include="Source\Editor\ScenePanel.h">
      <Filter>Editor</Filter>
    </ClInclude>
    <ClInclude Include="Source\Editor\ResourcesPanel.h">
      <Filter>Editor</Filter>
    </ClInclude>
    <ClInclude Include="Source\EditorManager.h" />
    <ClInclude Include="Source\Renderer\Framebuffer.h">
      <Filter>Renderer</Filter>
    </ClInclude>
    <ClInclude Include="Source\Importers\ShaderImporter.h">
      <Filter>Importers</Filter>
    </ClInclude>
    <ClInclude Include="Source\Renderer\Shader.h">
      <Filter>Renderer</Filter>
    </ClInclude>
    <ClInclude Include="Source\Utils\Singleton.h">
      <Filter>Utils</Filter>
    </ClInclude>
    <ClInclude Include="Source\Renderer\Renderer.h">
      <Filter>Renderer</Filter>
    </ClInclude>
    <ClInclude Include="Source\RenderManager.h" />
    <ClInclude Include="Source\Renderer\UniformBuffer.h">
      <Filter>Renderer</Filter>
    </ClInclude>
    <ClInclude Include="Source\SceneManager.h" />
    <ClInclude Include="Source\Scene\GameObject.h">
      <Filter>Scene</Filter>
    </ClInclude>
    <ClInclude Include="Source\Scene\Transform.h">
      <Filter>Scene</Filter>
    </ClInclude>
    <ClInclude Include="Source\Scene\Camera.h">
      <Filter>Scene</Filter>
    </ClInclude>
    <ClInclude Include="Source\Scene\StaticMesh.h">
      <Filter>Scene</Filter>
    </ClInclude>
    <ClInclude Include="Source\Scene\Component.h">
      <Filter>Scene</Filter>
    </ClInclude>
    <ClInclude Include="Source\Utils\ImGuiExtensions.h">
      <Filter>Utils</Filter>
    </ClInclude>
    <ClInclude Include="Source\Scene\Freecam.h">
      <Filter>Scene</Filter>
    </ClInclude>
    <ClInclude Include="Source\Serialization\BitReader.h">
      <Filter>Serialization</Filter>
    </ClInclude>
    <ClInclude Include="Source\Serialization\BitWriter.h">
      <Filter>Serialization</Filter>
    </ClInclude>
    <ClInclude Include="Source\Serialization\PropertyTable.h">
      <Filter>Serialization</Filter>
    </ClInclude>
    <ClInclude Include="Source\Scene\Helicopter.h">
      <Filter>Scene</Filter>
    </ClInclude>
    <ClInclude Include="Source\Scene\Terrain.h">
      <Filter>Scene</Filter>
    </ClInclude>
    <ClInclude Include="Source\Renderer\Material.h">
      <Filter>Renderer</Filter>
    </ClInclude>
    <ClInclude Include="Source\Serialization\SerializedObject.h">
      <Filter>Serialization</Filter>
    </ClInclude>
    <ClInclude Include="Source\Editor\PropertiesPanel.h">
      <Filter>Editor</Filter>
    </ClInclude>
    <ClInclude Include="Source\Editor\EditableObject.h">
      <Filter>Editor</Filter>
    </ClInclude>
    <ClInclude Include="Source\Importers\MaterialImporter.h">
      <Filter>Importers</Filter>
    </ClInclude>
    <ClInclude Include="Source\Editor\MainWindow.h">
      <Filter>Editor</Filter>
    </ClInclude>
    <ClInclude Include="Source\Editor\MainWindowMenu.h">
      <Filter>Editor</Filter>
    </ClInclude>
    <ClInclude Include="Source\Serialization\Prefab.h">
      <Filter>Serialization</Filter>
    </ClInclude>
    <ClInclude Include="Source\Importers\PrefabImporter.h">
      <Filter>Importers</Filter>
    </ClInclude>
    <ClInclude Include="Source\Scene\Scene.h">
      <Filter>Scene</Filter>
    </ClInclude>
    <ClInclude Include="Source\Importers\SceneImporter.h">
      <Filter>Importers</Filter>
    </ClInclude>
    <ClInclude Include="Source\Renderer\ShadowMap.h">
      <Filter>Renderer</Filter>
    </ClInclude>
    <ClInclude Include="Source\Math\Bounds.h">
      <Filter>Math</Filter>
    </ClInclude>
    <ClInclude Include="Source\Math\Random.h">
      <Filter>Math</Filter>
    </ClInclude>
  </ItemGroup>
  <ItemGroup>
    <ClCompile Include="Source\Math\Point2.cpp">
      <Filter>Math</Filter>
    </ClCompile>
    <ClCompile Include="Source\Math\Point3.cpp">
      <Filter>Math</Filter>
    </ClCompile>
    <ClCompile Include="Source\Math\Quaternion.cpp">
      <Filter>Math</Filter>
    </ClCompile>
    <ClCompile Include="Source\Math\Vector2.cpp">
      <Filter>Math</Filter>
    </ClCompile>
    <ClCompile Include="Source\Math\Vector3.cpp">
      <Filter>Math</Filter>
    </ClCompile>
    <ClCompile Include="Source\Math\Vector4.cpp">
      <Filter>Math</Filter>
    </ClCompile>
    <ClCompile Include="Source\Math\Color.cpp">
      <Filter>Math</Filter>
    </ClCompile>
    <ClCompile Include="Source\Math\Matrix4x4.cpp">
      <Filter>Math</Filter>
    </ClCompile>
    <ClCompile Include="Source\Importers\TextureImporter.cpp">
      <Filter>Importers</Filter>
    </ClCompile>
    <ClCompile Include="Source\Renderer\Texture.cpp">
      <Filter>Renderer</Filter>
    </ClCompile>
    <ClCompile Include="Source\Renderer\Mesh.cpp">
      <Filter>Renderer</Filter>
    </ClCompile>
    <ClCompile Include="Source\Importers\MeshImporter.cpp">
      <Filter>Importers</Filter>
    </ClCompile>
    <ClCompile Include="Source\ResourceManager.cpp" />
    <ClCompile Include="Source\InputManager.cpp" />
    <ClCompile Include="Source\Utils\Clock.cpp">
      <Filter>Utils</Filter>
    </ClCompile>
    <ClCompile Include="Source\Application.cpp" />
    <ClCompile Include="Source\Math\Rect.cpp">
      <Filter>Math</Filter>
    </ClCompile>
    <ClCompile Include="Source\Editor\PropertiesPanel.cpp">
      <Filter>Editor</Filter>
    </ClCompile>
    <ClCompile Include="Source\Editor\GamePanel.cpp">
      <Filter>Editor</Filter>
    </ClCompile>
    <ClCompile Include="Source\Editor\OutputPanel.cpp">
      <Filter>Editor</Filter>
    </ClCompile>
    <ClCompile Include="Source\Editor\ResourcesPanel.cpp">
      <Filter>Editor</Filter>
    </ClCompile>
    <ClCompile Include="Source\Editor\ScenePanel.cpp">
      <Filter>Editor</Filter>
    </ClCompile>
    <ClCompile Include="Source\EditorManager.cpp" />
    <ClCompile Include="Source\Importers\ShaderImporter.cpp">
      <Filter>Importers</Filter>
    </ClCompile>
    <ClCompile Include="Source\Renderer\Shader.cpp">
      <Filter>Renderer</Filter>
    </ClCompile>
    <ClCompile Include="Source\Renderer\Renderer.cpp">
      <Filter>Renderer</Filter>
    </ClCompile>
    <ClCompile Include="Source\RenderManager.cpp" />
    <ClCompile Include="Source\Renderer\Framebuffer.cpp">
      <Filter>Renderer</Filter>
    </ClCompile>
    <ClCompile Include="Source\SceneManager.cpp" />
    <ClCompile Include="Source\Scene\GameObject.cpp">
      <Filter>Scene</Filter>
    </ClCompile>
    <ClCompile Include="Source\Scene\Transform.cpp">
      <Filter>Scene</Filter>
    </ClCompile>
    <ClCompile Include="Source\Scene\Camera.cpp">
      <Filter>Scene</Filter>
    </ClCompile>
    <ClCompile Include="Source\Scene\StaticMesh.cpp">
      <Filter>Scene</Filter>
    </ClCompile>
    <ClCompile Include="Source\Scene\Component.cpp">
      <Filter>Scene</Filter>
    </ClCompile>
    <ClCompile Include="Source\Utils\ImGuiExtensions.cpp">
      <Filter>Utils</Filter>
    </ClCompile>
    <ClCompile Include="Source\Scene\Freecam.cpp">
      <Filter>Scene</Filter>
    </ClCompile>
    <ClCompile Include="Source\Serialization\BitWriter.cpp">
      <Filter>Serialization</Filter>
    </ClCompile>
    <ClCompile Include="Source\Serialization\BitReader.cpp">
      <Filter>Serialization</Filter>
    </ClCompile>
    <ClCompile Include="Source\Serialization\PropertyTable.cpp">
      <Filter>Serialization</Filter>
    </ClCompile>
    <ClCompile Include="Source\Renderer\Material.cpp">
      <Filter>Renderer</Filter>
    </ClCompile>
    <ClCompile Include="Source\Importers\MaterialImporter.cpp">
      <Filter>Importers</Filter>
    </ClCompile>
    <ClCompile Include="Source\Editor\MainWindow.cpp">
      <Filter>Editor</Filter>
    </ClCompile>
    <ClCompile Include="Source\Editor\MainWindowMenu.cpp">
      <Filter>Editor</Filter>
    </ClCompile>
    <ClCompile Include="Source\Serialization\Prefab.cpp">
      <Filter>Serialization</Filter>
    </ClCompile>
    <ClCompile Include="Source\Importers\PrefabImporter.cpp">
      <Filter>Importers</Filter>
    </ClCompile>
    <ClCompile Include="Source\Scene\Scene.cpp">
      <Filter>Scene</Filter>
    </ClCompile>
    <ClCompile Include="Source\Importers\SceneImporter.cpp">
      <Filter>Importers</Filter>
    </ClCompile>
    <ClCompile Include="Source\Renderer\ShadowMap.cpp">
      <Filter>Renderer</Filter>
    </ClCompile>
    <ClCompile Include="Source\Math\Bounds.cpp">
      <Filter>Math</Filter>
    </ClCompile>
    <ClCompile Include="Source\Math\Random.cpp">
      <Filter>Math</Filter>
    </ClCompile>
  </ItemGroup>
  <ItemGroup>
    <None Include="Resources\Shaders\SkyboxPass.shader">
      <Filter>Shaders</Filter>
    </None>
    <None Include="Resources\Shaders\Includes\UniformBuffers.inc.shader">
      <Filter>Shaders\Includes</Filter>
    </None>
    <ClCompile Include="Source\Scene\Helicopter.cpp">
      <Filter>Scene</Filter>
    </ClCompile>
    <ClCompile Include="Source\Scene\Terrain.cpp">
      <Filter>Scene</Filter>
    </ClCompile>
    <None Include="Resources\Shaders\Terrain.shader">
      <Filter>Shaders</Filter>
    </None>
    <None Include="Resources\Shaders\Includes\Deferred.inc.shader">
      <Filter>Shaders\Includes</Filter>
    </None>
    <None Include="Resources\Shaders\Standard.shader">
      <Filter>Shaders</Filter>
    </None>
    <None Include="Resources\Shaders\Deferred-Lighting.shader">
      <Filter>Shaders</Filter>
    </None>
    <None Include="Resources\Shaders\Includes\DeferredGBuffer.inc.shader">
      <Filter>Shaders\Includes</Filter>
    </None>
    <None Include="Resources\Shaders\Includes\Common.inc.shader">
      <Filter>Shaders\Includes</Filter>
    </None>
    <None Include="Resources\Shaders\Deferred-Debug.shader">
      <Filter>Shaders</Filter>
    </None>
    <None Include="Resources\Shaders\Includes\PhysicallyBasedShading.inc.shader">
      <Filter>Shaders\Includes</Filter>
    </None>
    <None Include="Resources\Shaders\Includes\Shadows.inc.shader">
      <Filter>Shaders\Includes</Filter>
    </None>
    <None Include="Resources\Shaders\Water.shader">
      <Filter>Shaders</Filter>
    </None>
    <None Include="Resources\Shaders\Includes\Atmosphere.inc.shader">
      <Filter>Shaders\Includes</Filter>
    </None>
    <None Include="Resources\Shaders\Sky\PrecomputeTransmittance.shader">
      <Filter>Shaders\Sky</Filter>
    </None>
    <None Include="Resources\Shaders\TerrainDetail.shader">
      <Filter>Shaders</Filter>
    </None>
    <None Include="Resources\Shaders\Deferred-AmbientOcclusion.shader">
      <Filter>Shaders</Filter>
    </None>
  </ItemGroup>
</Project>